// !$*UTF8*$!
{
	archiveVersion = 1;
	classes = {
	};
	objectVersion = 50;
	objects = {

/* Begin PBXBuildFile section */
		54B3B87125655577009E733F /* Utilities.swift in Sources */ = {isa = PBXBuildFile; fileRef = 54B3B87025655577009E733F /* Utilities.swift */; };
		54B3B87325656384009E733F /* HorrairesViewController.swift in Sources */ = {isa = PBXBuildFile; fileRef = 54B3B87225656384009E733F /* HorrairesViewController.swift */; };
		54B3B8792565686A009E733F /* Assets.xcassets in Resources */ = {isa = PBXBuildFile; fileRef = 54B3B8782565686A009E733F /* Assets.xcassets */; };
		54F1739F2564074600CE1EE3 /* AppDelegate.swift in Sources */ = {isa = PBXBuildFile; fileRef = 54F1739E2564074600CE1EE3 /* AppDelegate.swift */; };
		54F173A12564074600CE1EE3 /* SceneDelegate.swift in Sources */ = {isa = PBXBuildFile; fileRef = 54F173A02564074600CE1EE3 /* SceneDelegate.swift */; };
		54F173A32564074600CE1EE3 /* ViewController.swift in Sources */ = {isa = PBXBuildFile; fileRef = 54F173A22564074600CE1EE3 /* ViewController.swift */; };
		54F173A62564074700CE1EE3 /* Main.storyboard in Resources */ = {isa = PBXBuildFile; fileRef = 54F173A42564074700CE1EE3 /* Main.storyboard */; };
		54F173A92564074700CE1EE3 /* btm.xcdatamodeld in Sources */ = {isa = PBXBuildFile; fileRef = 54F173A72564074700CE1EE3 /* btm.xcdatamodeld */; };
		54F173AE2564075000CE1EE3 /* LaunchScreen.storyboard in Resources */ = {isa = PBXBuildFile; fileRef = 54F173AC2564075000CE1EE3 /* LaunchScreen.storyboard */; };
		54F173BB25641EF200CE1EE3 /* LoginViewController.swift in Sources */ = {isa = PBXBuildFile; fileRef = 54F173BA25641EF200CE1EE3 /* LoginViewController.swift */; };
		54F173BD25641F0000CE1EE3 /* RegisterViewController.swift in Sources */ = {isa = PBXBuildFile; fileRef = 54F173BC25641F0000CE1EE3 /* RegisterViewController.swift */; };
		54F173BF25641F1000CE1EE3 /* MainViewController.swift in Sources */ = {isa = PBXBuildFile; fileRef = 54F173BE25641F1000CE1EE3 /* MainViewController.swift */; };
/* End PBXBuildFile section */

/* Begin PBXFileReference section */
		54B3B87025655577009E733F /* Utilities.swift */ = {isa = PBXFileReference; lastKnownFileType = sourcecode.swift; path = Utilities.swift; sourceTree = "<group>"; };
		54B3B87225656384009E733F /* HorrairesViewController.swift */ = {isa = PBXFileReference; lastKnownFileType = sourcecode.swift; path = HorrairesViewController.swift; sourceTree = "<group>"; };
		54B3B8782565686A009E733F /* Assets.xcassets */ = {isa = PBXFileReference; lastKnownFileType = folder.assetcatalog; path = Assets.xcassets; sourceTree = "<group>"; };
		54F1739B2564074600CE1EE3 /* btm.app */ = {isa = PBXFileReference; explicitFileType = wrapper.application; includeInIndex = 0; path = btm.app; sourceTree = BUILT_PRODUCTS_DIR; };
		54F1739E2564074600CE1EE3 /* AppDelegate.swift */ = {isa = PBXFileReference; lastKnownFileType = sourcecode.swift; path = AppDelegate.swift; sourceTree = "<group>"; };
		54F173A02564074600CE1EE3 /* SceneDelegate.swift */ = {isa = PBXFileReference; lastKnownFileType = sourcecode.swift; path = SceneDelegate.swift; sourceTree = "<group>"; };
		54F173A22564074600CE1EE3 /* ViewController.swift */ = {isa = PBXFileReference; lastKnownFileType = sourcecode.swift; path = ViewController.swift; sourceTree = "<group>"; };
		54F173A52564074700CE1EE3 /* Base */ = {isa = PBXFileReference; lastKnownFileType = file.storyboard; name = Base; path = Base.lproj/Main.storyboard; sourceTree = "<group>"; };
		54F173A82564074700CE1EE3 /* btm.xcdatamodel */ = {isa = PBXFileReference; lastKnownFileType = wrapper.xcdatamodel; path = btm.xcdatamodel; sourceTree = "<group>"; };
		54F173AD2564075000CE1EE3 /* Base */ = {isa = PBXFileReference; lastKnownFileType = file.storyboard; name = Base; path = Base.lproj/LaunchScreen.storyboard; sourceTree = "<group>"; };
		54F173AF2564075000CE1EE3 /* Info.plist */ = {isa = PBXFileReference; lastKnownFileType = text.plist.xml; path = Info.plist; sourceTree = "<group>"; };
		54F173BA25641EF200CE1EE3 /* LoginViewController.swift */ = {isa = PBXFileReference; lastKnownFileType = sourcecode.swift; path = LoginViewController.swift; sourceTree = "<group>"; };
		54F173BC25641F0000CE1EE3 /* RegisterViewController.swift */ = {isa = PBXFileReference; lastKnownFileType = sourcecode.swift; path = RegisterViewController.swift; sourceTree = "<group>"; };
		54F173BE25641F1000CE1EE3 /* MainViewController.swift */ = {isa = PBXFileReference; lastKnownFileType = sourcecode.swift; path = MainViewController.swift; sourceTree = "<group>"; };
/* End PBXFileReference section */

/* Begin PBXFrameworksBuildPhase section */
		54F173982564074600CE1EE3 /* Frameworks */ = {
			isa = PBXFrameworksBuildPhase;
			buildActionMask = 2147483647;
			files = (
			);
			runOnlyForDeploymentPostprocessing = 0;
		};
/* End PBXFrameworksBuildPhase section */

/* Begin PBXGroup section */
		54B3B86F2565555D009E733F /* utilities */ = {
			isa = PBXGroup;
			children = (
				54B3B87025655577009E733F /* Utilities.swift */,
			);
			path = utilities;
			sourceTree = "<group>";
		};
		54F173922564074600CE1EE3 = {
			isa = PBXGroup;
			children = (
				54B3B86F2565555D009E733F /* utilities */,
				54F173B725640FA200CE1EE3 /* views */,
				54F173B625640F8B00CE1EE3 /* entity */,
				54F173B525640F7700CE1EE3 /* Controller */,
				54F1739D2564074600CE1EE3 /* btm */,
				54F1739C2564074600CE1EE3 /* Products */,
			);
			sourceTree = "<group>";
		};
		54F1739C2564074600CE1EE3 /* Products */ = {
			isa = PBXGroup;
			children = (
				54F1739B2564074600CE1EE3 /* btm.app */,
			);
			name = Products;
			sourceTree = "<group>";
		};
		54F1739D2564074600CE1EE3 /* btm */ = {
			isa = PBXGroup;
			children = (
				54F1739E2564074600CE1EE3 /* AppDelegate.swift */,
				54F173A02564074600CE1EE3 /* SceneDelegate.swift */,
				54B3B8782565686A009E733F /* Assets.xcassets */,
				54F173A42564074700CE1EE3 /* Main.storyboard */,
				54F173AC2564075000CE1EE3 /* LaunchScreen.storyboard */,
				54F173AF2564075000CE1EE3 /* Info.plist */,
				54F173A72564074700CE1EE3 /* btm.xcdatamodeld */,
			);
			path = btm;
			sourceTree = "<group>";
		};
		54F173B525640F7700CE1EE3 /* Controller */ = {
			isa = PBXGroup;
			children = (
				54F173A22564074600CE1EE3 /* ViewController.swift */,
				54F173BA25641EF200CE1EE3 /* LoginViewController.swift */,
				54F173BC25641F0000CE1EE3 /* RegisterViewController.swift */,
				54F173BE25641F1000CE1EE3 /* MainViewController.swift */,
				54B3B87225656384009E733F /* HorrairesViewController.swift */,
			);
			path = Controller;
			sourceTree = "<group>";
		};
		54F173B625640F8B00CE1EE3 /* entity */ = {
			isa = PBXGroup;
			children = (
			);
			path = entity;
			sourceTree = "<group>";
		};
		54F173B725640FA200CE1EE3 /* views */ = {
			isa = PBXGroup;
			children = (
			);
			path = views;
			sourceTree = "<group>";
		};
/* End PBXGroup section */

/* Begin PBXNativeTarget section */
		54F1739A2564074600CE1EE3 /* btm */ = {
			isa = PBXNativeTarget;
			buildConfigurationList = 54F173B22564075000CE1EE3 /* Build configuration list for PBXNativeTarget "btm" */;
			buildPhases = (
				54F173972564074600CE1EE3 /* Sources */,
				54F173982564074600CE1EE3 /* Frameworks */,
				54F173992564074600CE1EE3 /* Resources */,
			);
			buildRules = (
			);
			dependencies = (
			);
			name = btm;
			productName = btm;
			productReference = 54F1739B2564074600CE1EE3 /* btm.app */;
			productType = "com.apple.product-type.application";
		};
/* End PBXNativeTarget section */

/* Begin PBXProject section */
		54F173932564074600CE1EE3 /* Project object */ = {
			isa = PBXProject;
			attributes = {
				LastSwiftUpdateCheck = 1130;
				LastUpgradeCheck = 1130;
				ORGANIZATIONNAME = ESPRIT;
				TargetAttributes = {
					54F1739A2564074600CE1EE3 = {
						CreatedOnToolsVersion = 11.3.1;
					};
				};
			};
			buildConfigurationList = 54F173962564074600CE1EE3 /* Build configuration list for PBXProject "btm" */;
			compatibilityVersion = "Xcode 9.3";
			developmentRegion = en;
			hasScannedForEncodings = 0;
			knownRegions = (
				en,
				Base,
			);
			mainGroup = 54F173922564074600CE1EE3;
			productRefGroup = 54F1739C2564074600CE1EE3 /* Products */;
			projectDirPath = "";
			projectRoot = "";
			targets = (
				54F1739A2564074600CE1EE3 /* btm */,
			);
		};
/* End PBXProject section */

/* Begin PBXResourcesBuildPhase section */
		54F173992564074600CE1EE3 /* Resources */ = {
			isa = PBXResourcesBuildPhase;
			buildActionMask = 2147483647;
			files = (
				54F173AE2564075000CE1EE3 /* LaunchScreen.storyboard in Resources */,
				54B3B8792565686A009E733F /* Assets.xcassets in Resources */,
				54F173A62564074700CE1EE3 /* Main.storyboard in Resources */,
			);
			runOnlyForDeploymentPostprocessing = 0;
		};
/* End PBXResourcesBuildPhase section */

/* Begin PBXSourcesBuildPhase section */
		54F173972564074600CE1EE3 /* Sources */ = {
			isa = PBXSourcesBuildPhase;
			buildActionMask = 2147483647;
			files = (
				54F173BF25641F1000CE1EE3 /* MainViewController.swift in Sources */,
				54F173A32564074600CE1EE3 /* ViewController.swift in Sources */,
				54F1739F2564074600CE1EE3 /* AppDelegate.swift in Sources */,
				54F173A12564074600CE1EE3 /* SceneDelegate.swift in Sources */,
				54F173BD25641F0000CE1EE3 /* RegisterViewController.swift in Sources */,
				54F173BB25641EF200CE1EE3 /* LoginViewController.swift in Sources */,
				54B3B87325656384009E733F /* HorrairesViewController.swift in Sources */,
				54B3B87125655577009E733F /* Utilities.swift in Sources */,
				54F173A92564074700CE1EE3 /* btm.xcdatamodeld in Sources */,
			);
			runOnlyForDeploymentPostprocessing = 0;
		};
/* End PBXSourcesBuildPhase section */

/* Begin PBXVariantGroup section */
		54F173A42564074700CE1EE3 /* Main.storyboard */ = {
			isa = PBXVariantGroup;
			children = (
				54F173A52564074700CE1EE3 /* Base */,
			);
			name = Main.storyboard;
			sourceTree = "<group>";
		};
		54F173AC2564075000CE1EE3 /* LaunchScreen.storyboard */ = {
			isa = PBXVariantGroup;
			children = (
				54F173AD2564075000CE1EE3 /* Base */,
			);
			name = LaunchScreen.storyboard;
			sourceTree = "<group>";
		};
/* End PBXVariantGroup section */

/* Begin XCBuildConfiguration section */
		54F173B02564075000CE1EE3 /* Debug */ = {
			isa = XCBuildConfiguration;
			buildSettings = {
				ALWAYS_SEARCH_USER_PATHS = NO;
				CLANG_ANALYZER_NONNULL = YES;
				CLANG_ANALYZER_NUMBER_OBJECT_CONVERSION = YES_AGGRESSIVE;
				CLANG_CXX_LANGUAGE_STANDARD = "gnu++14";
				CLANG_CXX_LIBRARY = "libc++";
				CLANG_ENABLE_MODULES = YES;
				CLANG_ENABLE_OBJC_ARC = YES;
				CLANG_ENABLE_OBJC_WEAK = YES;
				CLANG_WARN_BLOCK_CAPTURE_AUTORELEASING = YES;
				CLANG_WARN_BOOL_CONVERSION = YES;
				CLANG_WARN_COMMA = YES;
				CLANG_WARN_CONSTANT_CONVERSION = YES;
				CLANG_WARN_DEPRECATED_OBJC_IMPLEMENTATIONS = YES;
				CLANG_WARN_DIRECT_OBJC_ISA_USAGE = YES_ERROR;
				CLANG_WARN_DOCUMENTATION_COMMENTS = YES;
				CLANG_WARN_EMPTY_BODY = YES;
				CLANG_WARN_ENUM_CONVERSION = YES;
				CLANG_WARN_INFINITE_RECURSION = YES;
				CLANG_WARN_INT_CONVERSION = YES;
				CLANG_WARN_NON_LITERAL_NULL_CONVERSION = YES;
				CLANG_WARN_OBJC_IMPLICIT_RETAIN_SELF = YES;
				CLANG_WARN_OBJC_LITERAL_CONVERSION = YES;
				CLANG_WARN_OBJC_ROOT_CLASS = YES_ERROR;
				CLANG_WARN_RANGE_LOOP_ANALYSIS = YES;
				CLANG_WARN_STRICT_PROTOTYPES = YES;
				CLANG_WARN_SUSPICIOUS_MOVE = YES;
				CLANG_WARN_UNGUARDED_AVAILABILITY = YES_AGGRESSIVE;
				CLANG_WARN_UNREACHABLE_CODE = YES;
				CLANG_WARN__DUPLICATE_METHOD_MATCH = YES;
				COPY_PHASE_STRIP = NO;
				DEBUG_INFORMATION_FORMAT = dwarf;
				ENABLE_STRICT_OBJC_MSGSEND = YES;
				ENABLE_TESTABILITY = YES;
				GCC_C_LANGUAGE_STANDARD = gnu11;
				GCC_DYNAMIC_NO_PIC = NO;
				GCC_NO_COMMON_BLOCKS = YES;
				GCC_OPTIMIZATION_LEVEL = 0;
				GCC_PREPROCESSOR_DEFINITIONS = (
					"DEBUG=1",
					"$(inherited)",
				);
				GCC_WARN_64_TO_32_BIT_CONVERSION = YES;
				GCC_WARN_ABOUT_RETURN_TYPE = YES_ERROR;
				GCC_WARN_UNDECLARED_SELECTOR = YES;
				GCC_WARN_UNINITIALIZED_AUTOS = YES_AGGRESSIVE;
				GCC_WARN_UNUSED_FUNCTION = YES;
				GCC_WARN_UNUSED_VARIABLE = YES;
				IPHONEOS_DEPLOYMENT_TARGET = 13.2;
				MTL_ENABLE_DEBUG_INFO = INCLUDE_SOURCE;
				MTL_FAST_MATH = YES;
				ONLY_ACTIVE_ARCH = YES;
				SDKROOT = iphoneos;
				SWIFT_ACTIVE_COMPILATION_CONDITIONS = DEBUG;
				SWIFT_OPTIMIZATION_LEVEL = "-Onone";
			};
			name = Debug;
		};
		54F173B12564075000CE1EE3 /* Release */ = {
			isa = XCBuildConfiguration;
			buildSettings = {
				ALWAYS_SEARCH_USER_PATHS = NO;
				CLANG_ANALYZER_NONNULL = YES;
				CLANG_ANALYZER_NUMBER_OBJECT_CONVERSION = YES_AGGRESSIVE;
				CLANG_CXX_LANGUAGE_STANDARD = "gnu++14";
				CLANG_CXX_LIBRARY = "libc++";
				CLANG_ENABLE_MODULES = YES;
				CLANG_ENABLE_OBJC_ARC = YES;
				CLANG_ENABLE_OBJC_WEAK = YES;
				CLANG_WARN_BLOCK_CAPTURE_AUTORELEASING = YES;
				CLANG_WARN_BOOL_CONVERSION = YES;
				CLANG_WARN_COMMA = YES;
				CLANG_WARN_CONSTANT_CONVERSION = YES;
				CLANG_WARN_DEPRECATED_OBJC_IMPLEMENTATIONS = YES;
				CLANG_WARN_DIRECT_OBJC_ISA_USAGE = YES_ERROR;
				CLANG_WARN_DOCUMENTATION_COMMENTS = YES;
				CLANG_WARN_EMPTY_BODY = YES;
				CLANG_WARN_ENUM_CONVERSION = YES;
				CLANG_WARN_INFINITE_RECURSION = YES;
				CLANG_WARN_INT_CONVERSION = YES;
				CLANG_WARN_NON_LITERAL_NULL_CONVERSION = YES;
				CLANG_WARN_OBJC_IMPLICIT_RETAIN_SELF = YES;
				CLANG_WARN_OBJC_LITERAL_CONVERSION = YES;
				CLANG_WARN_OBJC_ROOT_CLASS = YES_ERROR;
				CLANG_WARN_RANGE_LOOP_ANALYSIS = YES;
				CLANG_WARN_STRICT_PROTOTYPES = YES;
				CLANG_WARN_SUSPICIOUS_MOVE = YES;
				CLANG_WARN_UNGUARDED_AVAILABILITY = YES_AGGRESSIVE;
				CLANG_WARN_UNREACHABLE_CODE = YES;
				CLANG_WARN__DUPLICATE_METHOD_MATCH = YES;
				COPY_PHASE_STRIP = NO;
				DEBUG_INFORMATION_FORMAT = "dwarf-with-dsym";
				ENABLE_NS_ASSERTIONS = NO;
				ENABLE_STRICT_OBJC_MSGSEND = YES;
				GCC_C_LANGUAGE_STANDARD = gnu11;
				GCC_NO_COMMON_BLOCKS = YES;
				GCC_WARN_64_TO_32_BIT_CONVERSION = YES;
				GCC_WARN_ABOUT_RETURN_TYPE = YES_ERROR;
				GCC_WARN_UNDECLARED_SELECTOR = YES;
				GCC_WARN_UNINITIALIZED_AUTOS = YES_AGGRESSIVE;
				GCC_WARN_UNUSED_FUNCTION = YES;
				GCC_WARN_UNUSED_VARIABLE = YES;
				IPHONEOS_DEPLOYMENT_TARGET = 13.2;
				MTL_ENABLE_DEBUG_INFO = NO;
				MTL_FAST_MATH = YES;
				SDKROOT = iphoneos;
				SWIFT_COMPILATION_MODE = wholemodule;
				SWIFT_OPTIMIZATION_LEVEL = "-O";
				VALIDATE_PRODUCT = YES;
			};
			name = Release;
		};
		54F173B32564075000CE1EE3 /* Debug */ = {
			isa = XCBuildConfiguration;
			buildSettings = {
				ASSETCATALOG_COMPILER_APPICON_NAME = AppIcon;
				CODE_SIGN_STYLE = Automatic;
				INFOPLIST_FILE = btm/Info.plist;
				IPHONEOS_DEPLOYMENT_TARGET = 13.2;
				LD_RUNPATH_SEARCH_PATHS = (
					"$(inherited)",
					"@executable_path/Frameworks",
				);
				PRODUCT_BUNDLE_IDENTIFIER = SelimZaalouni.btm;
				PRODUCT_NAME = "$(TARGET_NAME)";
				SWIFT_VERSION = 5.0;
				TARGETED_DEVICE_FAMILY = "1,2";
			};
			name = Debug;
		};
		54F173B42564075000CE1EE3 /* Release */ = {
			isa = XCBuildConfiguration;
			buildSettings = {
				ASSETCATALOG_COMPILER_APPICON_NAME = AppIcon;
				CODE_SIGN_STYLE = Automatic;
				INFOPLIST_FILE = btm/Info.plist;
				IPHONEOS_DEPLOYMENT_TARGET = 13.2;
				LD_RUNPATH_SEARCH_PATHS = (
					"$(inherited)",
					"@executable_path/Frameworks",
				);
				PRODUCT_BUNDLE_IDENTIFIER = SelimZaalouni.btm;
				PRODUCT_NAME = "$(TARGET_NAME)";
				SWIFT_VERSION = 5.0;
				TARGETED_DEVICE_FAMILY = "1,2";
			};
			name = Release;
		};
/* End XCBuildConfiguration section */

/* Begin XCConfigurationList section */
		54F173962564074600CE1EE3 /* Build configuration list for PBXProject "btm" */ = {
			isa = XCConfigurationList;
			buildConfigurations = (
				54F173B02564075000CE1EE3 /* Debug */,
				54F173B12564075000CE1EE3 /* Release */,
			);
			defaultConfigurationIsVisible = 0;
			defaultConfigurationName = Release;
		};
		54F173B22564075000CE1EE3 /* Build configuration list for PBXNativeTarget "btm" */ = {
			isa = XCConfigurationList;
			buildConfigurations = (
				54F173B32564075000CE1EE3 /* Debug */,
				54F173B42564075000CE1EE3 /* Release */,
			);
			defaultConfigurationIsVisible = 0;
			defaultConfigurationName = Release;
		};
/* End XCConfigurationList section */

/* Begin XCVersionGroup section */
		54F173A72564074700CE1EE3 /* btm.xcdatamodeld */ = {
			isa = XCVersionGroup;
			children = (
				54F173A82564074700CE1EE3 /* btm.xcdatamodel */,
			);
			currentVersion = 54F173A82564074700CE1EE3 /* btm.xcdatamodel */;
			path = btm.xcdatamodeld;
			sourceTree = "<group>";
			versionGroupType = wrapper.xcdatamodel;
		};
/* End XCVersionGroup section */
	};
	rootObject = 54F173932564074600CE1EE3 /* Project object */;
}
